
Microsoft Visual Studio Solution File, Format Version 12.00
# Visual Studio Version 16
VisualStudioVersion = 16.0.31424.327
MinimumVisualStudioVersion = 10.0.40219.1
Project("{FAE04EC0-301F-11D3-BF4B-00C04F79EFBC}") = "PM2E2GRUPO5.Android", "PM2E2GRUPO5\PM2E2GRUPO5.Android\PM2E2GRUPO5.Android.csproj", "{3DBFF14A-DBDD-496C-8D51-E9D670F229D2}"
EndProject
Project("{FAE04EC0-301F-11D3-BF4B-00C04F79EFBC}") = "PM2E2GRUPO5", "PM2E2GRUPO5\PM2E2GRUPO5\PM2E2GRUPO5.csproj", "{B6C19141-B164-413A-829D-D5A037AB9815}"
EndProject
Global
	GlobalSection(SolutionConfigurationPlatforms) = preSolution
		Debug|Any CPU = Debug|Any CPU
		Release|Any CPU = Release|Any CPU
	EndGlobalSection
	GlobalSection(ProjectConfigurationPlatforms) = postSolution
		{3DBFF14A-DBDD-496C-8D51-E9D670F229D2}.Debug|Any CPU.ActiveCfg = Debug|Any CPU
		{3DBFF14A-DBDD-496C-8D51-E9D670F229D2}.Debug|Any CPU.Build.0 = Debug|Any CPU
		{3DBFF14A-DBDD-496C-8D51-E9D670F229D2}.Debug|Any CPU.Deploy.0 = Debug|Any CPU
		{3DBFF14A-DBDD-496C-8D51-E9D670F229D2}.Release|Any CPU.ActiveCfg = Release|Any CPU
		{3DBFF14A-DBDD-496C-8D51-E9D670F229D2}.Release|Any CPU.Build.0 = Release|Any CPU
		{3DBFF14A-DBDD-496C-8D51-E9D670F229D2}.Release|Any CPU.Deploy.0 = Release|Any CPU
		{B6C19141-B164-413A-829D-D5A037AB9815}.Debug|Any CPU.ActiveCfg = Debug|Any CPU
		{B6C19141-B164-413A-829D-D5A037AB9815}.Debug|Any CPU.Build.0 = Debug|Any CPU
		{B6C19141-B164-413A-829D-D5A037AB9815}.Debug|Any CPU.Deploy.0 = Debug|Any CPU
		{B6C19141-B164-413A-829D-D5A037AB9815}.Release|Any CPU.ActiveCfg = Release|Any CPU
		{B6C19141-B164-413A-829D-D5A037AB9815}.Release|Any CPU.Build.0 = Release|Any CPU
		{B6C19141-B164-413A-829D-D5A037AB9815}.Release|Any CPU.Deploy.0 = Release|Any CPU
	EndGlobalSection
	GlobalSection(SolutionProperties) = preSolution
		HideSolutionNode = FALSE
	EndGlobalSection
	GlobalSection(ExtensibilityGlobals) = postSolution
		SolutionGuid = {0F11BDD2-A652-4119-8CA9-0F63061DFFAF}
	EndGlobalSection
EndGlobal
